
Microsoft Visual Studio Solution File, Format Version 12.00
# Visual Studio Version 17
VisualStudioVersion = 17.13.35806.99 d17.13
MinimumVisualStudioVersion = 10.0.40219.1
Project("{FAE04EC0-301F-11D3-BF4B-00C04F79EFBC}") = "Daimler.api", "Daimler.api\Daimler.api.csproj", "{9A75C318-AE2C-4A45-B971-F9EB412FD124}"
EndProject
Project("{FAE04EC0-301F-11D3-BF4B-00C04F79EFBC}") = "Daimler.domain", "Daimler.domain\Daimler.domain.csproj", "{31B20897-7602-4DD6-8ECD-58F73C501B90}"
EndProject
Project("{FAE04EC0-301F-11D3-BF4B-00C04F79EFBC}") = "Daimler.data", "Daimler.data\Daimler.data.csproj", "{B15336C1-11BE-479B-B752-FFDFFD9A6502}"
EndProject
Global
	GlobalSection(SolutionConfigurationPlatforms) = preSolution
		Debug|Any CPU = Debug|Any CPU
		Release|Any CPU = Release|Any CPU
	EndGlobalSection
	GlobalSection(ProjectConfigurationPlatforms) = postSolution
		{9A75C318-AE2C-4A45-B971-F9EB412FD124}.Debug|Any CPU.ActiveCfg = Debug|Any CPU
		{9A75C318-AE2C-4A45-B971-F9EB412FD124}.Debug|Any CPU.Build.0 = Debug|Any CPU
		{9A75C318-AE2C-4A45-B971-F9EB412FD124}.Release|Any CPU.ActiveCfg = Release|Any CPU
		{9A75C318-AE2C-4A45-B971-F9EB412FD124}.Release|Any CPU.Build.0 = Release|Any CPU
		{31B20897-7602-4DD6-8ECD-58F73C501B90}.Debug|Any CPU.ActiveCfg = Debug|Any CPU
		{31B20897-7602-4DD6-8ECD-58F73C501B90}.Debug|Any CPU.Build.0 = Debug|Any CPU
		{31B20897-7602-4DD6-8ECD-58F73C501B90}.Release|Any CPU.ActiveCfg = Release|Any CPU
		{31B20897-7602-4DD6-8ECD-58F73C501B90}.Release|Any CPU.Build.0 = Release|Any CPU
		{B15336C1-11BE-479B-B752-FFDFFD9A6502}.Debug|Any CPU.ActiveCfg = Debug|Any CPU
		{B15336C1-11BE-479B-B752-FFDFFD9A6502}.Debug|Any CPU.Build.0 = Debug|Any CPU
		{B15336C1-11BE-479B-B752-FFDFFD9A6502}.Release|Any CPU.ActiveCfg = Release|Any CPU
		{B15336C1-11BE-479B-B752-FFDFFD9A6502}.Release|Any CPU.Build.0 = Release|Any CPU
	EndGlobalSection
	GlobalSection(SolutionProperties) = preSolution
		HideSolutionNode = FALSE
	EndGlobalSection
	GlobalSection(ExtensibilityGlobals) = postSolution
		SolutionGuid = {1739D601-4327-471A-B867-B113C4D47BB7}
	EndGlobalSection
EndGlobal
